
Microsoft Visual Studio Solution File, Format Version 12.00
# Visual Studio Version 16
VisualStudioVersion = 16.0.30114.105
MinimumVisualStudioVersion = 10.0.40219.1
Project("{FAE04EC0-301F-11D3-BF4B-00C04F79EFBC}") = "RemotingObjects", "RemotingObjects.csproj", "{A33A2C49-F571-4492-A8CA-28858BBD6C22}"
EndProject
Global
	GlobalSection(SolutionConfigurationPlatforms) = preSolution
		Debug|Any CPU = Debug|Any CPU
		Release|Any CPU = Release|Any CPU
	EndGlobalSection
	GlobalSection(ProjectConfigurationPlatforms) = postSolution
		{A33A2C49-F571-4492-A8CA-28858BBD6C22}.Debug|Any CPU.ActiveCfg = Debug|Any CPU
		{A33A2C49-F571-4492-A8CA-28858BBD6C22}.Debug|Any CPU.Build.0 = Debug|Any CPU
		{A33A2C49-F571-4492-A8CA-28858BBD6C22}.Release|Any CPU.ActiveCfg = Release|Any CPU
		{A33A2C49-F571-4492-A8CA-28858BBD6C22}.Release|Any CPU.Build.0 = Release|Any CPU
	EndGlobalSection
	GlobalSection(SolutionProperties) = preSolution
		HideSolutionNode = FALSE
	EndGlobalSection
	GlobalSection(ExtensibilityGlobals) = postSolution
		SolutionGuid = {8AC88D22-D268-4A3F-8218-9BD69AC805F8}
	EndGlobalSection
EndGlobal
