
Microsoft Visual Studio Solution File, Format Version 12.00
# Visual Studio Version 16
VisualStudioVersion = 16.0.30114.105
MinimumVisualStudioVersion = 10.0.40219.1
Project("{FAE04EC0-301F-11D3-BF4B-00C04F79EFBC}") = "WebServiceProvider", "WebServiceProvider\WebServiceProvider.csproj", "{8BE1DD4C-DFA5-492F-B12C-D6F24046393C}"
EndProject
Global
	GlobalSection(SolutionConfigurationPlatforms) = preSolution
		Debug|Any CPU = Debug|Any CPU
		Release|Any CPU = Release|Any CPU
	EndGlobalSection
	GlobalSection(ProjectConfigurationPlatforms) = postSolution
		{8BE1DD4C-DFA5-492F-B12C-D6F24046393C}.Debug|Any CPU.ActiveCfg = Debug|Any CPU
		{8BE1DD4C-DFA5-492F-B12C-D6F24046393C}.Debug|Any CPU.Build.0 = Debug|Any CPU
		{8BE1DD4C-DFA5-492F-B12C-D6F24046393C}.Release|Any CPU.ActiveCfg = Release|Any CPU
		{8BE1DD4C-DFA5-492F-B12C-D6F24046393C}.Release|Any CPU.Build.0 = Release|Any CPU
	EndGlobalSection
	GlobalSection(SolutionProperties) = preSolution
		HideSolutionNode = FALSE
	EndGlobalSection
	GlobalSection(ExtensibilityGlobals) = postSolution
		SolutionGuid = {08C33F3D-FB0D-4B82-8329-24661F9FCA62}
	EndGlobalSection
EndGlobal
